PODS:
  - CitymapperCore (3.3.0)
  - CitymapperGoogleSearchProvider (3.3.0):
    - CitymapperInternalCore (= 3.3.0)
    - CitymapperNavigation (= 3.3.0)
  - CitymapperInternalCore (3.3.0):
    - CitymapperCore (= 3.3.0)
  - CitymapperNavigation (3.3.0):
    - CitymapperInternalCore (= 3.3.0)
  - CitymapperUI (3.3.0):
    - CitymapperInternalCore (= 3.3.0)
    - CitymapperNavigation (= 3.3.0)

DEPENDENCIES:
  - CitymapperGoogleSearchProvider (= 3.3.0)
  - CitymapperUI (= 3.3.0)

SPEC REPOS:
  https://github.com/CocoaPods/Specs.git:
    - CitymapperCore
    - CitymapperGoogleSearchProvider
    - CitymapperInternalCore
    - CitymapperNavigation
    - CitymapperUI

SPEC CHECKSUMS:
  CitymapperCore: 05d866b3148e64ae45f990d9a9873032c453a428
  CitymapperGoogleSearchProvider: 156e835e05ad0d417866438e287636f6accee6cc
  CitymapperInternalCore: 2b553c9910484adfe280b1e23c3cdeab7c40f87c
  CitymapperNavigation: 5ee1395a2c3cee9658098e677b1e7a0aa606f041
  CitymapperUI: 696c138b734f9a05e0324808e2cd9161747a17f3

PODFILE CHECKSUM: 2b383a759a98ec69f56b58310ff05bbb32c250c9

COCOAPODS: 1.12.1
