PODS:
  - CitymapperCore (3.3.0-beta.7)
  - CitymapperGoogleSearchProvider (3.3.0-beta.7):
    - CitymapperInternalCore (= 3.3.0-beta.7)
    - CitymapperNavigation (= 3.3.0-beta.7)
  - CitymapperInternalCore (3.3.0-beta.7):
    - CitymapperCore (= 3.3.0-beta.7)
  - CitymapperNavigation (3.3.0-beta.7):
    - CitymapperInternalCore (= 3.3.0-beta.7)
  - CitymapperUI (3.3.0-beta.7):
    - CitymapperInternalCore (= 3.3.0-beta.7)
    - CitymapperNavigation (= 3.3.0-beta.7)

DEPENDENCIES:
  - CitymapperGoogleSearchProvider (= 3.3.0-beta.7)
  - CitymapperUI (= 3.3.0-beta.7)

SPEC REPOS:
  https://github.com/CocoaPods/Specs.git:
    - CitymapperCore
    - CitymapperGoogleSearchProvider
    - CitymapperInternalCore
    - CitymapperNavigation
    - CitymapperUI

SPEC CHECKSUMS:
  CitymapperCore: 792940c38b07e037a52ea90f6ae27e241590f22b
  CitymapperGoogleSearchProvider: 21cde86efe1cc1149a3ce4f35d04d0a5d54a86af
  CitymapperInternalCore: d07538d781dfef529b94a3a3b5a42fb4a5aaa606
  CitymapperNavigation: c0333c1a4aa30825c9dc94a40d4c0d43527b2da7
  CitymapperUI: 87ebe5cd1cbdcef48a4ef6b013810ddd6f9003e5

PODFILE CHECKSUM: 06a876158d3c6085908d76569c970a68eeec84ea

COCOAPODS: 1.12.0
