PODS:
  - CitymapperCore (3.3.0-beta.2)
  - CitymapperGoogleSearchProvider (3.3.0-beta.2):
    - CitymapperInternalCore (= 3.3.0-beta.2)
    - CitymapperNavigation (= 3.3.0-beta.2)
  - CitymapperInternalCore (3.3.0-beta.2):
    - CitymapperCore (= 3.3.0-beta.2)
  - CitymapperNavigation (3.3.0-beta.2):
    - CitymapperInternalCore (= 3.3.0-beta.2)
  - CitymapperUI (3.3.0-beta.2):
    - CitymapperInternalCore (= 3.3.0-beta.2)
    - CitymapperNavigation (= 3.3.0-beta.2)

DEPENDENCIES:
  - CitymapperGoogleSearchProvider (= 3.3.0-beta.2)
  - CitymapperUI (= 3.3.0-beta.2)

SPEC REPOS:
  https://github.com/CocoaPods/Specs.git:
    - CitymapperCore
    - CitymapperGoogleSearchProvider
    - CitymapperInternalCore
    - CitymapperNavigation
    - CitymapperUI

SPEC CHECKSUMS:
  CitymapperCore: f3e1bbfd81bd093256edd74fa5c1b53e2189f90f
  CitymapperGoogleSearchProvider: 5a24de9d3f94ce33c8e3e2ebe2a769c1f7bd86ef
  CitymapperInternalCore: ce2d0f175b2eb1ce8ecca2847972ba3d35c9ab17
  CitymapperNavigation: a18df896da33e65b53df4d2a121f41d2e969f0ed
  CitymapperUI: c55eaea327ffcd3af0be5e23cbb32315768de996

PODFILE CHECKSUM: 6ae1f9a51cdddc4a334c5d5af0a77862f1e070af

COCOAPODS: 1.11.3
