PODS:
  - CitymapperCore (3.3.0-alpha.6)
  - CitymapperInternalCore (3.3.0-alpha.6):
    - CitymapperCore (= 3.3.0-alpha.6)
  - CitymapperNavigation (3.3.0-alpha.6):
    - CitymapperInternalCore (= 3.3.0-alpha.6)
  - CitymapperUI (3.3.0-alpha.6):
    - CitymapperInternalCore (= 3.3.0-alpha.6)
    - CitymapperNavigation (= 3.3.0-alpha.6)

DEPENDENCIES:
  - CitymapperUI (= 3.3.0-alpha.6)

SPEC REPOS:
  trunk:
    - CitymapperCore
    - CitymapperInternalCore
    - CitymapperNavigation
    - CitymapperUI

SPEC CHECKSUMS:
  CitymapperCore: 26219c49e87a54202934da6c883284ceee6ffda9
  CitymapperInternalCore: c8020ef2249ac9cbaa9408736839118998a20da8
  CitymapperNavigation: 6df544aea5c6a0fadeaaa4a0a045fda7af9ce5e5
  CitymapperUI: 04211a0e92f1a5192b3a2ce6265a277b943fba06

PODFILE CHECKSUM: 69ce69ab99721567a532fb61a597726bff716542

COCOAPODS: 1.11.3
