PODS:
  - CitymapperCore (3.3.0-alpha.13)
  - CitymapperGoogleSearchProvider (3.3.0-alpha.13):
    - CitymapperInternalCore (= 3.3.0-alpha.13)
    - CitymapperNavigation (= 3.3.0-alpha.13)
  - CitymapperInternalCore (3.3.0-alpha.13):
    - CitymapperCore (= 3.3.0-alpha.13)
  - CitymapperNavigation (3.3.0-alpha.13):
    - CitymapperInternalCore (= 3.3.0-alpha.13)
  - CitymapperUI (3.3.0-alpha.13):
    - CitymapperInternalCore (= 3.3.0-alpha.13)
    - CitymapperNavigation (= 3.3.0-alpha.13)

DEPENDENCIES:
  - CitymapperGoogleSearchProvider (= 3.3.0-alpha.13)
  - CitymapperUI (= 3.3.0-alpha.13)

SPEC REPOS:
  https://github.com/CocoaPods/Specs.git:
    - CitymapperCore
    - CitymapperGoogleSearchProvider
    - CitymapperInternalCore
    - CitymapperNavigation
    - CitymapperUI

SPEC CHECKSUMS:
  CitymapperCore: 4b55cce0ccbe2deea6eafa4777a7123738298ab7
  CitymapperGoogleSearchProvider: 9271eb7683f8a09a996451680b8c4f90b33ba10d
  CitymapperInternalCore: d9105b25d45360dad581b9b9c9b5496925f4048c
  CitymapperNavigation: e118eca6fca892172e8f5e7e48ba36fafbe024cb
  CitymapperUI: 68a4f07de6211b2b6ffa5489e6b2b8a8f8e2dc87

PODFILE CHECKSUM: 1308dfee06ba28981b9be5dbd9a523a48574c023

COCOAPODS: 1.11.3
