PODS:
  - CitymapperCore (3.3.0-alpha.19)
  - CitymapperGoogleSearchProvider (3.3.0-alpha.19):
    - CitymapperInternalCore (= 3.3.0-alpha.19)
    - CitymapperNavigation (= 3.3.0-alpha.19)
  - CitymapperInternalCore (3.3.0-alpha.19):
    - CitymapperCore (= 3.3.0-alpha.19)
  - CitymapperNavigation (3.3.0-alpha.19):
    - CitymapperInternalCore (= 3.3.0-alpha.19)
  - CitymapperUI (3.3.0-alpha.19):
    - CitymapperInternalCore (= 3.3.0-alpha.19)
    - CitymapperNavigation (= 3.3.0-alpha.19)

DEPENDENCIES:
  - CitymapperGoogleSearchProvider (= 3.3.0-alpha.19)
  - CitymapperUI (= 3.3.0-alpha.19)

SPEC REPOS:
  https://github.com/CocoaPods/Specs.git:
    - CitymapperCore
    - CitymapperGoogleSearchProvider
    - CitymapperInternalCore
    - CitymapperNavigation
    - CitymapperUI

SPEC CHECKSUMS:
  CitymapperCore: 1a36115fd87749f6bdde4517bfe76015c369f1b6
  CitymapperGoogleSearchProvider: 560d28cb119e02e0c2045b18b501c612af8b1ca7
  CitymapperInternalCore: 5eee73eab4b4c65097dafdd40f75d338d657805b
  CitymapperNavigation: 1d75a178a1fdb3651ecb963722fe10768af71fec
  CitymapperUI: bc7520e5a95cee5bb8c4316402c5be5bb3797326

PODFILE CHECKSUM: d52f2a7e42057755a6e99c3317832758d54d91ab

COCOAPODS: 1.11.3
